#
# This file is autogenerated by pip-compile with Python 3.12
# by the following command:
#
#    pip-compile --output-file=requirements.lock requirements.txt
#
--extra-index-url https://download.pytorch.org/whl/cpu

aiohttp==3.8.4
    # via -r requirements.txt
aiosignal==1.3.1
    # via aiohttp
annotated-types==0.7.0
    # via pydantic
anyio==3.7.1
    # via
    #   fastapi
    #   httpx
    #   openai
    #   starlette
async-timeout==4.0.3
    # via aiohttp
asyncpg==0.29.0
    # via -r requirements.txt
attrs==23.2.0
    # via aiohttp
boto3==1.34.0
    # via -r requirements.txt
botocore==1.34.0
    # via
    #   boto3
    #   s3transfer
certifi==2023.11.17
    # via
    #   httpcore
    #   httpx
    #   requests
cffi==1.16.0
    # via cryptography
charset-normalizer==3.3.2
    # via
    #   aiohttp
    #   requests
click==8.1.7
    # via uvicorn
cryptography==42.0.0
    # via -r requirements.txt
deprecated==1.3.1
    # via limits
distro==1.9.0
    # via openai
fastapi==0.104.1
    # via
    #   -r requirements.txt
    #   prometheus-fastapi-instrumentator
frozenlist==1.4.0
    # via
    #   aiohttp
    #   aiosignal
gunicorn==21.2.0
    # via -r requirements.txt
h11==0.14.0
    # via
    #   httpcore
    #   uvicorn
httpcore==1.0.2
    # via httpx
httpx==0.27.0
    # via
    #   -r requirements.txt
    #   openai
idna==3.6
    # via
    #   anyio
    #   httpx
    #   requests
    #   yarl
iniconfig==2.3.0
    # via pytest
jmespath==1.0.1
    # via
    #   boto3
    #   botocore
jsonpatch==1.33
    # via langchain-core
jsonpointer==3.1.1
    # via jsonpatch
langchain-core==0.2.2
    # via langchain-text-splitters
langchain-text-splitters==0.2.0
    # via -r requirements.txt
langsmith==0.1.5
    # via langchain-core
limits==5.8.0
    # via slowapi
lxml==6.1.1
    # via pikepdf
multidict==6.0.4
    # via
    #   aiohttp
    #   yarl
numpy==2.4.6
    # via pgvector
openai==1.6.1
    # via -r requirements.txt
packaging==23.2
    # via
    #   gunicorn
    #   langchain-core
    #   limits
    #   pikepdf
    #   pytest
pgvector==0.2.5
    # via -r requirements.txt
pikepdf==10.8.0
    # via -r requirements.txt
pillow==12.2.0
    # via
    #   pikepdf
    #   reportlab
pluggy==1.6.0
    # via pytest
prometheus-client==0.19.0
    # via prometheus-fastapi-instrumentator
prometheus-fastapi-instrumentator==6.1.0
    # via -r requirements.txt
pycparser==2.21
    # via cffi
pydantic==2.5.2
    # via
    #   -r requirements.txt
    #   fastapi
    #   langchain-core
    #   langsmith
    #   openai
    #   pydantic-settings
pydantic-core==2.14.5
    # via pydantic
pydantic-settings==2.2.1
    # via -r requirements.txt
pyjwt==2.8.0
    # via -r requirements.txt
pytest==8.0.0
    # via
    #   -r requirements.txt
    #   pytest-asyncio
    #   pytest-mock
pytest-asyncio==0.23.5
    # via -r requirements.txt
pytest-mock==3.11.0
    # via -r requirements.txt
python-dateutil==2.8.2
    # via botocore
python-dotenv==1.2.2
    # via pydantic-settings
python-multipart==0.0.9
    # via -r requirements.txt
pyyaml==6.0.1
    # via langchain-core
redis==4.6.0
    # via -r requirements.txt
reportlab==4.0.4
    # via -r requirements.txt
requests==2.31.0
    # via langsmith
s3transfer==0.9.0
    # via boto3
six==1.16.0
    # via python-dateutil
slowapi==0.1.10
    # via -r requirements.txt
sniffio==1.3.0
    # via
    #   anyio
    #   httpx
    #   openai
starlette==0.27.0
    # via fastapi
structlog==24.1.0
    # via -r requirements.txt
tenacity==8.5.0
    # via langchain-core
tqdm==4.66.1
    # via openai
typing-extensions==4.9.0
    # via
    #   fastapi
    #   limits
    #   openai
    #   pydantic
    #   pydantic-core
urllib3==2.0.7
    # via
    #   botocore
    #   requests
uvicorn==0.24.0
    # via -r requirements.txt
wrapt==2.2.1
    # via deprecated
yarl==1.9.3
    # via aiohttp
